// !$*UTF8*$!
{
	archiveVersion = 1;
	classes = {
	};
	objectVersion = 50;
	objects = {

/* Begin PBXBuildFile section */
		0ED295482393CA5D00C3602F /* UIColor+Extensions.swift in Sources */ = {isa = PBXBuildFile; fileRef = 0ED295472393CA5D00C3602F /* UIColor+Extensions.swift */; };
		0ED2954B2393F2C500C3602F /* ImageProvider.swift in Sources */ = {isa = PBXBuildFile; fileRef = 0ED2954A2393F2C500C3602F /* ImageProvider.swift */; };
		0ED29550239408AA00C3602F /* EditingBookList.storyboard in Resources */ = {isa = PBXBuildFile; fileRef = 0ED2954F239408AA00C3602F /* EditingBookList.storyboard */; };
		0ED2955223940B7700C3602F /* EditingBookListViewController.swift in Sources */ = {isa = PBXBuildFile; fileRef = 0ED2955123940B7700C3602F /* EditingBookListViewController.swift */; };
		0ED2955523940C5200C3602F /* CommonViewController.swift in Sources */ = {isa = PBXBuildFile; fileRef = 0ED2955423940C5200C3602F /* CommonViewController.swift */; };
		0ED2955923940EB800C3602F /* EditingBookTableViewCell.swift in Sources */ = {isa = PBXBuildFile; fileRef = 0ED2955723940EB800C3602F /* EditingBookTableViewCell.swift */; };
		0ED2955A23940EB800C3602F /* EditingBookTableViewCell.xib in Resources */ = {isa = PBXBuildFile; fileRef = 0ED2955823940EB800C3602F /* EditingBookTableViewCell.xib */; };
		0ED2955C23941D8700C3602F /* UIViewController+Extensions.swift in Sources */ = {isa = PBXBuildFile; fileRef = 0ED2955B23941D8700C3602F /* UIViewController+Extensions.swift */; };
		0EE54F5623900E01002168A1 /* AppDelegate.swift in Sources */ = {isa = PBXBuildFile; fileRef = 0EE54F5523900E01002168A1 /* AppDelegate.swift */; };
		0EE54F5823900E01002168A1 /* ViewController.swift in Sources */ = {isa = PBXBuildFile; fileRef = 0EE54F5723900E01002168A1 /* ViewController.swift */; };
		0EE54F5B23900E01002168A1 /* Main.storyboard in Resources */ = {isa = PBXBuildFile; fileRef = 0EE54F5923900E01002168A1 /* Main.storyboard */; };
		0EE54F5E23900E01002168A1 /* PickerImages.xcdatamodeld in Sources */ = {isa = PBXBuildFile; fileRef = 0EE54F5C23900E01002168A1 /* PickerImages.xcdatamodeld */; };
		0EE54F6023900E02002168A1 /* Assets.xcassets in Resources */ = {isa = PBXBuildFile; fileRef = 0EE54F5F23900E02002168A1 /* Assets.xcassets */; };
		0EE54F6323900E02002168A1 /* LaunchScreen.storyboard in Resources */ = {isa = PBXBuildFile; fileRef = 0EE54F6123900E02002168A1 /* LaunchScreen.storyboard */; };
		0EE54F6B2390137D002168A1 /* ImageCollectionViewCell.swift in Sources */ = {isa = PBXBuildFile; fileRef = 0EE54F6A2390137D002168A1 /* ImageCollectionViewCell.swift */; };
		0EE54F6D23901F89002168A1 /* UIView+Extensions.swift in Sources */ = {isa = PBXBuildFile; fileRef = 0EE54F6C23901F89002168A1 /* UIView+Extensions.swift */; };
/* End PBXBuildFile section */

/* Begin PBXFileReference section */
		0ED295472393CA5D00C3602F /* UIColor+Extensions.swift */ = {isa = PBXFileReference; lastKnownFileType = sourcecode.swift; path = "UIColor+Extensions.swift"; sourceTree = "<group>"; };
		0ED2954A2393F2C500C3602F /* ImageProvider.swift */ = {isa = PBXFileReference; lastKnownFileType = sourcecode.swift; path = ImageProvider.swift; sourceTree = "<group>"; };
		0ED2954F239408AA00C3602F /* EditingBookList.storyboard */ = {isa = PBXFileReference; lastKnownFileType = file.storyboard; path = EditingBookList.storyboard; sourceTree = "<group>"; };
		0ED2955123940B7700C3602F /* EditingBookListViewController.swift */ = {isa = PBXFileReference; lastKnownFileType = sourcecode.swift; path = EditingBookListViewController.swift; sourceTree = "<group>"; };
		0ED2955423940C5200C3602F /* CommonViewController.swift */ = {isa = PBXFileReference; lastKnownFileType = sourcecode.swift; path = CommonViewController.swift; sourceTree = "<group>"; };
		0ED2955723940EB800C3602F /* EditingBookTableViewCell.swift */ = {isa = PBXFileReference; lastKnownFileType = sourcecode.swift; path = EditingBookTableViewCell.swift; sourceTree = "<group>"; };
		0ED2955823940EB800C3602F /* EditingBookTableViewCell.xib */ = {isa = PBXFileReference; lastKnownFileType = file.xib; path = EditingBookTableViewCell.xib; sourceTree = "<group>"; };
		0ED2955B23941D8700C3602F /* UIViewController+Extensions.swift */ = {isa = PBXFileReference; lastKnownFileType = sourcecode.swift; path = "UIViewController+Extensions.swift"; sourceTree = "<group>"; };
		0EE54F5223900E00002168A1 /* PickerImages.app */ = {isa = PBXFileReference; explicitFileType = wrapper.application; includeInIndex = 0; path = PickerImages.app; sourceTree = BUILT_PRODUCTS_DIR; };
		0EE54F5523900E01002168A1 /* AppDelegate.swift */ = {isa = PBXFileReference; lastKnownFileType = sourcecode.swift; path = AppDelegate.swift; sourceTree = "<group>"; };
		0EE54F5723900E01002168A1 /* ViewController.swift */ = {isa = PBXFileReference; lastKnownFileType = sourcecode.swift; path = ViewController.swift; sourceTree = "<group>"; };
		0EE54F5A23900E01002168A1 /* Base */ = {isa = PBXFileReference; lastKnownFileType = file.storyboard; name = Base; path = Base.lproj/Main.storyboard; sourceTree = "<group>"; };
		0EE54F5D23900E01002168A1 /* PickerImages.xcdatamodel */ = {isa = PBXFileReference; lastKnownFileType = wrapper.xcdatamodel; path = PickerImages.xcdatamodel; sourceTree = "<group>"; };
		0EE54F5F23900E02002168A1 /* Assets.xcassets */ = {isa = PBXFileReference; lastKnownFileType = folder.assetcatalog; path = Assets.xcassets; sourceTree = "<group>"; };
		0EE54F6223900E02002168A1 /* Base */ = {isa = PBXFileReference; lastKnownFileType = file.storyboard; name = Base; path = Base.lproj/LaunchScreen.storyboard; sourceTree = "<group>"; };
		0EE54F6423900E02002168A1 /* Info.plist */ = {isa = PBXFileReference; lastKnownFileType = text.plist.xml; path = Info.plist; sourceTree = "<group>"; };
		0EE54F6A2390137D002168A1 /* ImageCollectionViewCell.swift */ = {isa = PBXFileReference; lastKnownFileType = sourcecode.swift; path = ImageCollectionViewCell.swift; sourceTree = "<group>"; };
		0EE54F6C23901F89002168A1 /* UIView+Extensions.swift */ = {isa = PBXFileReference; lastKnownFileType = sourcecode.swift; path = "UIView+Extensions.swift"; sourceTree = "<group>"; };
/* End PBXFileReference section */

/* Begin PBXFrameworksBuildPhase section */
		0EE54F4F23900E00002168A1 /* Frameworks */ = {
			isa = PBXFrameworksBuildPhase;
			buildActionMask = 2147483647;
			files = (
			);
			runOnlyForDeploymentPostprocessing = 0;
		};
/* End PBXFrameworksBuildPhase section */

/* Begin PBXGroup section */
		0ED295462393CA1B00C3602F /* Extensions */ = {
			isa = PBXGroup;
			children = (
				0EE54F6C23901F89002168A1 /* UIView+Extensions.swift */,
				0ED295472393CA5D00C3602F /* UIColor+Extensions.swift */,
				0ED2955B23941D8700C3602F /* UIViewController+Extensions.swift */,
			);
			path = Extensions;
			sourceTree = "<group>";
		};
		0ED295492393F26F00C3602F /* Provider */ = {
			isa = PBXGroup;
			children = (
				0ED2954A2393F2C500C3602F /* ImageProvider.swift */,
			);
			path = Provider;
			sourceTree = "<group>";
		};
		0ED2954C2393F44000C3602F /* Controllers */ = {
			isa = PBXGroup;
			children = (
				0ED2955423940C5200C3602F /* CommonViewController.swift */,
				0ED2954E2394085F00C3602F /* EditingBookList */,
				0ED2954D2394084C00C3602F /* PickerImage */,
			);
			path = Controllers;
			sourceTree = "<group>";
		};
		0ED2954D2394084C00C3602F /* PickerImage */ = {
			isa = PBXGroup;
			children = (
				0EE54F6A2390137D002168A1 /* ImageCollectionViewCell.swift */,
				0EE54F5923900E01002168A1 /* Main.storyboard */,
				0EE54F5723900E01002168A1 /* ViewController.swift */,
			);
			path = PickerImage;
			sourceTree = "<group>";
		};
		0ED2954E2394085F00C3602F /* EditingBookList */ = {
			isa = PBXGroup;
			children = (
				0ED2955623940E8F00C3602F /* Cell */,
				0ED2954F239408AA00C3602F /* EditingBookList.storyboard */,
				0ED2955123940B7700C3602F /* EditingBookListViewController.swift */,
			);
			path = EditingBookList;
			sourceTree = "<group>";
		};
		0ED2955623940E8F00C3602F /* Cell */ = {
			isa = PBXGroup;
			children = (
				0ED2955723940EB800C3602F /* EditingBookTableViewCell.swift */,
				0ED2955823940EB800C3602F /* EditingBookTableViewCell.xib */,
			);
			path = Cell;
			sourceTree = "<group>";
		};
		0EE54F4923900E00002168A1 = {
			isa = PBXGroup;
			children = (
				0EE54F5423900E00002168A1 /* PickerImages */,
				0EE54F5323900E00002168A1 /* Products */,
			);
			sourceTree = "<group>";
		};
		0EE54F5323900E00002168A1 /* Products */ = {
			isa = PBXGroup;
			children = (
				0EE54F5223900E00002168A1 /* PickerImages.app */,
			);
			name = Products;
			sourceTree = "<group>";
		};
		0EE54F5423900E00002168A1 /* PickerImages */ = {
			isa = PBXGroup;
			children = (
				0EE54F5523900E01002168A1 /* AppDelegate.swift */,
				0ED295492393F26F00C3602F /* Provider */,
				0ED295462393CA1B00C3602F /* Extensions */,
				0ED2954C2393F44000C3602F /* Controllers */,
				0EE54F5F23900E02002168A1 /* Assets.xcassets */,
				0EE54F6123900E02002168A1 /* LaunchScreen.storyboard */,
				0EE54F6423900E02002168A1 /* Info.plist */,
				0EE54F5C23900E01002168A1 /* PickerImages.xcdatamodeld */,
			);
			path = PickerImages;
			sourceTree = "<group>";
		};
/* End PBXGroup section */

/* Begin PBXNativeTarget section */
		0EE54F5123900E00002168A1 /* PickerImages */ = {
			isa = PBXNativeTarget;
			buildConfigurationList = 0EE54F6723900E02002168A1 /* Build configuration list for PBXNativeTarget "PickerImages" */;
			buildPhases = (
				0EE54F4E23900E00002168A1 /* Sources */,
				0EE54F4F23900E00002168A1 /* Frameworks */,
				0EE54F5023900E00002168A1 /* Resources */,
			);
			buildRules = (
			);
			dependencies = (
			);
			name = PickerImages;
			productName = PickerImages;
			productReference = 0EE54F5223900E00002168A1 /* PickerImages.app */;
			productType = "com.apple.product-type.application";
		};
/* End PBXNativeTarget section */

/* Begin PBXProject section */
		0EE54F4A23900E00002168A1 /* Project object */ = {
			isa = PBXProject;
			attributes = {
				LastSwiftUpdateCheck = 1030;
				LastUpgradeCheck = 1030;
				ORGANIZATIONNAME = "Trinh Thai";
				TargetAttributes = {
					0EE54F5123900E00002168A1 = {
						CreatedOnToolsVersion = 10.3;
					};
				};
			};
			buildConfigurationList = 0EE54F4D23900E00002168A1 /* Build configuration list for PBXProject "PickerImages" */;
			compatibilityVersion = "Xcode 9.3";
			developmentRegion = en;
			hasScannedForEncodings = 0;
			knownRegions = (
				en,
				Base,
			);
			mainGroup = 0EE54F4923900E00002168A1;
			productRefGroup = 0EE54F5323900E00002168A1 /* Products */;
			projectDirPath = "";
			projectRoot = "";
			targets = (
				0EE54F5123900E00002168A1 /* PickerImages */,
			);
		};
/* End PBXProject section */

/* Begin PBXResourcesBuildPhase section */
		0EE54F5023900E00002168A1 /* Resources */ = {
			isa = PBXResourcesBuildPhase;
			buildActionMask = 2147483647;
			files = (
				0ED2955A23940EB800C3602F /* EditingBookTableViewCell.xib in Resources */,
				0ED29550239408AA00C3602F /* EditingBookList.storyboard in Resources */,
				0EE54F6323900E02002168A1 /* LaunchScreen.storyboard in Resources */,
				0EE54F6023900E02002168A1 /* Assets.xcassets in Resources */,
				0EE54F5B23900E01002168A1 /* Main.storyboard in Resources */,
			);
			runOnlyForDeploymentPostprocessing = 0;
		};
/* End PBXResourcesBuildPhase section */

/* Begin PBXSourcesBuildPhase section */
		0EE54F4E23900E00002168A1 /* Sources */ = {
			isa = PBXSourcesBuildPhase;
			buildActionMask = 2147483647;
			files = (
				0ED2955523940C5200C3602F /* CommonViewController.swift in Sources */,
				0ED2955223940B7700C3602F /* EditingBookListViewController.swift in Sources */,
				0EE54F6D23901F89002168A1 /* UIView+Extensions.swift in Sources */,
				0ED295482393CA5D00C3602F /* UIColor+Extensions.swift in Sources */,
				0EE54F5823900E01002168A1 /* ViewController.swift in Sources */,
				0ED2955923940EB800C3602F /* EditingBookTableViewCell.swift in Sources */,
				0ED2955C23941D8700C3602F /* UIViewController+Extensions.swift in Sources */,
				0EE54F5623900E01002168A1 /* AppDelegate.swift in Sources */,
				0EE54F6B2390137D002168A1 /* ImageCollectionViewCell.swift in Sources */,
				0ED2954B2393F2C500C3602F /* ImageProvider.swift in Sources */,
				0EE54F5E23900E01002168A1 /* PickerImages.xcdatamodeld in Sources */,
			);
			runOnlyForDeploymentPostprocessing = 0;
		};
/* End PBXSourcesBuildPhase section */

/* Begin PBXVariantGroup section */
		0EE54F5923900E01002168A1 /* Main.storyboard */ = {
			isa = PBXVariantGroup;
			children = (
				0EE54F5A23900E01002168A1 /* Base */,
			);
			name = Main.storyboard;
			sourceTree = "<group>";
		};
		0EE54F6123900E02002168A1 /* LaunchScreen.storyboard */ = {
			isa = PBXVariantGroup;
			children = (
				0EE54F6223900E02002168A1 /* Base */,
			);
			name = LaunchScreen.storyboard;
			sourceTree = "<group>";
		};
/* End PBXVariantGroup section */

/* Begin XCBuildConfiguration section */
		0EE54F6523900E02002168A1 /* Debug */ = {
			isa = XCBuildConfiguration;
			buildSettings = {
				ALWAYS_SEARCH_USER_PATHS = NO;
				CLANG_ANALYZER_NONNULL = YES;
				CLANG_ANALYZER_NUMBER_OBJECT_CONVERSION = YES_AGGRESSIVE;
				CLANG_CXX_LANGUAGE_STANDARD = "gnu++14";
				CLANG_CXX_LIBRARY = "libc++";
				CLANG_ENABLE_MODULES = YES;
				CLANG_ENABLE_OBJC_ARC = YES;
				CLANG_ENABLE_OBJC_WEAK = YES;
				CLANG_WARN_BLOCK_CAPTURE_AUTORELEASING = YES;
				CLANG_WARN_BOOL_CONVERSION = YES;
				CLANG_WARN_COMMA = YES;
				CLANG_WARN_CONSTANT_CONVERSION = YES;
				CLANG_WARN_DEPRECATED_OBJC_IMPLEMENTATIONS = YES;
				CLANG_WARN_DIRECT_OBJC_ISA_USAGE = YES_ERROR;
				CLANG_WARN_DOCUMENTATION_COMMENTS = YES;
				CLANG_WARN_EMPTY_BODY = YES;
				CLANG_WARN_ENUM_CONVERSION = YES;
				CLANG_WARN_INFINITE_RECURSION = YES;
				CLANG_WARN_INT_CONVERSION = YES;
				CLANG_WARN_NON_LITERAL_NULL_CONVERSION = YES;
				CLANG_WARN_OBJC_IMPLICIT_RETAIN_SELF = YES;
				CLANG_WARN_OBJC_LITERAL_CONVERSION = YES;
				CLANG_WARN_OBJC_ROOT_CLASS = YES_ERROR;
				CLANG_WARN_RANGE_LOOP_ANALYSIS = YES;
				CLANG_WARN_STRICT_PROTOTYPES = YES;
				CLANG_WARN_SUSPICIOUS_MOVE = YES;
				CLANG_WARN_UNGUARDED_AVAILABILITY = YES_AGGRESSIVE;
				CLANG_WARN_UNREACHABLE_CODE = YES;
				CLANG_WARN__DUPLICATE_METHOD_MATCH = YES;
				CODE_SIGN_IDENTITY = "iPhone Developer";
				COPY_PHASE_STRIP = NO;
				DEBUG_INFORMATION_FORMAT = dwarf;
				ENABLE_STRICT_OBJC_MSGSEND = YES;
				ENABLE_TESTABILITY = YES;
				GCC_C_LANGUAGE_STANDARD = gnu11;
				GCC_DYNAMIC_NO_PIC = NO;
				GCC_NO_COMMON_BLOCKS = YES;
				GCC_OPTIMIZATION_LEVEL = 0;
				GCC_PREPROCESSOR_DEFINITIONS = (
					"DEBUG=1",
					"$(inherited)",
				);
				GCC_WARN_64_TO_32_BIT_CONVERSION = YES;
				GCC_WARN_ABOUT_RETURN_TYPE = YES_ERROR;
				GCC_WARN_UNDECLARED_SELECTOR = YES;
				GCC_WARN_UNINITIALIZED_AUTOS = YES_AGGRESSIVE;
				GCC_WARN_UNUSED_FUNCTION = YES;
				GCC_WARN_UNUSED_VARIABLE = YES;
				IPHONEOS_DEPLOYMENT_TARGET = 12.4;
				MTL_ENABLE_DEBUG_INFO = INCLUDE_SOURCE;
				MTL_FAST_MATH = YES;
				ONLY_ACTIVE_ARCH = YES;
				SDKROOT = iphoneos;
				SWIFT_ACTIVE_COMPILATION_CONDITIONS = DEBUG;
				SWIFT_OPTIMIZATION_LEVEL = "-Onone";
			};
			name = Debug;
		};
		0EE54F6623900E02002168A1 /* Release */ = {
			isa = XCBuildConfiguration;
			buildSettings = {
				ALWAYS_SEARCH_USER_PATHS = NO;
				CLANG_ANALYZER_NONNULL = YES;
				CLANG_ANALYZER_NUMBER_OBJECT_CONVERSION = YES_AGGRESSIVE;
				CLANG_CXX_LANGUAGE_STANDARD = "gnu++14";
				CLANG_CXX_LIBRARY = "libc++";
				CLANG_ENABLE_MODULES = YES;
				CLANG_ENABLE_OBJC_ARC = YES;
				CLANG_ENABLE_OBJC_WEAK = YES;
				CLANG_WARN_BLOCK_CAPTURE_AUTORELEASING = YES;
				CLANG_WARN_BOOL_CONVERSION = YES;
				CLANG_WARN_COMMA = YES;
				CLANG_WARN_CONSTANT_CONVERSION = YES;
				CLANG_WARN_DEPRECATED_OBJC_IMPLEMENTATIONS = YES;
				CLANG_WARN_DIRECT_OBJC_ISA_USAGE = YES_ERROR;
				CLANG_WARN_DOCUMENTATION_COMMENTS = YES;
				CLANG_WARN_EMPTY_BODY = YES;
				CLANG_WARN_ENUM_CONVERSION = YES;
				CLANG_WARN_INFINITE_RECURSION = YES;
				CLANG_WARN_INT_CONVERSION = YES;
				CLANG_WARN_NON_LITERAL_NULL_CONVERSION = YES;
				CLANG_WARN_OBJC_IMPLICIT_RETAIN_SELF = YES;
				CLANG_WARN_OBJC_LITERAL_CONVERSION = YES;
				CLANG_WARN_OBJC_ROOT_CLASS = YES_ERROR;
				CLANG_WARN_RANGE_LOOP_ANALYSIS = YES;
				CLANG_WARN_STRICT_PROTOTYPES = YES;
				CLANG_WARN_SUSPICIOUS_MOVE = YES;
				CLANG_WARN_UNGUARDED_AVAILABILITY = YES_AGGRESSIVE;
				CLANG_WARN_UNREACHABLE_CODE = YES;
				CLANG_WARN__DUPLICATE_METHOD_MATCH = YES;
				CODE_SIGN_IDENTITY = "iPhone Developer";
				COPY_PHASE_STRIP = NO;
				DEBUG_INFORMATION_FORMAT = "dwarf-with-dsym";
				ENABLE_NS_ASSERTIONS = NO;
				ENABLE_STRICT_OBJC_MSGSEND = YES;
				GCC_C_LANGUAGE_STANDARD = gnu11;
				GCC_NO_COMMON_BLOCKS = YES;
				GCC_WARN_64_TO_32_BIT_CONVERSION = YES;
				GCC_WARN_ABOUT_RETURN_TYPE = YES_ERROR;
				GCC_WARN_UNDECLARED_SELECTOR = YES;
				GCC_WARN_UNINITIALIZED_AUTOS = YES_AGGRESSIVE;
				GCC_WARN_UNUSED_FUNCTION = YES;
				GCC_WARN_UNUSED_VARIABLE = YES;
				IPHONEOS_DEPLOYMENT_TARGET = 12.4;
				MTL_ENABLE_DEBUG_INFO = NO;
				MTL_FAST_MATH = YES;
				SDKROOT = iphoneos;
				SWIFT_COMPILATION_MODE = wholemodule;
				SWIFT_OPTIMIZATION_LEVEL = "-O";
				VALIDATE_PRODUCT = YES;
			};
			name = Release;
		};
		0EE54F6823900E02002168A1 /* Debug */ = {
			isa = XCBuildConfiguration;
			buildSettings = {
				ASSETCATALOG_COMPILER_APPICON_NAME = AppIcon;
				CODE_SIGN_STYLE = Automatic;
				INFOPLIST_FILE = PickerImages/Info.plist;
				IPHONEOS_DEPLOYMENT_TARGET = 11.0;
				LD_RUNPATH_SEARCH_PATHS = (
					"$(inherited)",
					"@executable_path/Frameworks",
				);
				PRODUCT_BUNDLE_IDENTIFIER = TrinhThai.PickerImages;
				PRODUCT_NAME = "$(TARGET_NAME)";
				SWIFT_VERSION = 4.2;
				TARGETED_DEVICE_FAMILY = "1,2";
			};
			name = Debug;
		};
		0EE54F6923900E02002168A1 /* Release */ = {
			isa = XCBuildConfiguration;
			buildSettings = {
				ASSETCATALOG_COMPILER_APPICON_NAME = AppIcon;
				CODE_SIGN_STYLE = Automatic;
				INFOPLIST_FILE = PickerImages/Info.plist;
				IPHONEOS_DEPLOYMENT_TARGET = 11.0;
				LD_RUNPATH_SEARCH_PATHS = (
					"$(inherited)",
					"@executable_path/Frameworks",
				);
				PRODUCT_BUNDLE_IDENTIFIER = TrinhThai.PickerImages;
				PRODUCT_NAME = "$(TARGET_NAME)";
				SWIFT_VERSION = 4.2;
				TARGETED_DEVICE_FAMILY = "1,2";
			};
			name = Release;
		};
/* End XCBuildConfiguration section */

/* Begin XCConfigurationList section */
		0EE54F4D23900E00002168A1 /* Build configuration list for PBXProject "PickerImages" */ = {
			isa = XCConfigurationList;
			buildConfigurations = (
				0EE54F6523900E02002168A1 /* Debug */,
				0EE54F6623900E02002168A1 /* Release */,
			);
			defaultConfigurationIsVisible = 0;
			defaultConfigurationName = Release;
		};
		0EE54F6723900E02002168A1 /* Build configuration list for PBXNativeTarget "PickerImages" */ = {
			isa = XCConfigurationList;
			buildConfigurations = (
				0EE54F6823900E02002168A1 /* Debug */,
				0EE54F6923900E02002168A1 /* Release */,
			);
			defaultConfigurationIsVisible = 0;
			defaultConfigurationName = Release;
		};
/* End XCConfigurationList section */

/* Begin XCVersionGroup section */
		0EE54F5C23900E01002168A1 /* PickerImages.xcdatamodeld */ = {
			isa = XCVersionGroup;
			children = (
				0EE54F5D23900E01002168A1 /* PickerImages.xcdatamodel */,
			);
			currentVersion = 0EE54F5D23900E01002168A1 /* PickerImages.xcdatamodel */;
			path = PickerImages.xcdatamodeld;
			sourceTree = "<group>";
			versionGroupType = wrapper.xcdatamodel;
		};
/* End XCVersionGroup section */
	};
	rootObject = 0EE54F4A23900E00002168A1 /* Project object */;
}
